
Microsoft Visual Studio Solution File, Format Version 12.00
# Visual Studio 15
VisualStudioVersion = 15.0.27428.2002
MinimumVisualStudioVersion = 10.0.40219.1
Project("{8BC9CEB8-8B4A-11D0-8D11-00A0C91BC942}") = "List", "list.vcxproj", "{400A2162-FCC3-447A-9AB4-5F67AC6C754E}"
EndProject
Global
	GlobalSection(SolutionConfigurationPlatforms) = preSolution
		Debug|x64 = Debug|x64
		Debug|x86 = Debug|x86
		Release|x64 = Release|x64
		Release|x86 = Release|x86
	EndGlobalSection
	GlobalSection(ProjectConfigurationPlatforms) = postSolution
		{400A2162-FCC3-447A-9AB4-5F67AC6C754E}.Debug|x64.ActiveCfg = Debug|x64
		{400A2162-FCC3-447A-9AB4-5F67AC6C754E}.Debug|x64.Build.0 = Debug|x64
		{400A2162-FCC3-447A-9AB4-5F67AC6C754E}.Debug|x86.ActiveCfg = Debug|Win32
		{400A2162-FCC3-447A-9AB4-5F67AC6C754E}.Debug|x86.Build.0 = Debug|Win32
		{400A2162-FCC3-447A-9AB4-5F67AC6C754E}.Release|x64.ActiveCfg = Release|x64
		{400A2162-FCC3-447A-9AB4-5F67AC6C754E}.Release|x64.Build.0 = Release|x64
		{400A2162-FCC3-447A-9AB4-5F67AC6C754E}.Release|x86.ActiveCfg = Release|Win32
		{400A2162-FCC3-447A-9AB4-5F67AC6C754E}.Release|x86.Build.0 = Release|Win32
	EndGlobalSection
	GlobalSection(SolutionProperties) = preSolution
		HideSolutionNode = FALSE
	EndGlobalSection
	GlobalSection(ExtensibilityGlobals) = postSolution
		SolutionGuid = {2512D4F3-22A4-44A1-9A7D-6F36CA0821C9}
	EndGlobalSection
EndGlobal
